
Microsoft Visual Studio Solution File, Format Version 12.00
# Visual Studio Version 16
VisualStudioVersion = 16.0.30907.101
MinimumVisualStudioVersion = 10.0.40219.1
Project("{FAE04EC0-301F-11D3-BF4B-00C04F79EFBC}") = "Uri1101", "Uri1101\Uri1101.csproj", "{C0717979-7759-4AF4-AD0B-00D39ECAE0E2}"
EndProject
Global
	GlobalSection(SolutionConfigurationPlatforms) = preSolution
		Debug|Any CPU = Debug|Any CPU
		Release|Any CPU = Release|Any CPU
	EndGlobalSection
	GlobalSection(ProjectConfigurationPlatforms) = postSolution
		{C0717979-7759-4AF4-AD0B-00D39ECAE0E2}.Debug|Any CPU.ActiveCfg = Debug|Any CPU
		{C0717979-7759-4AF4-AD0B-00D39ECAE0E2}.Debug|Any CPU.Build.0 = Debug|Any CPU
		{C0717979-7759-4AF4-AD0B-00D39ECAE0E2}.Release|Any CPU.ActiveCfg = Release|Any CPU
		{C0717979-7759-4AF4-AD0B-00D39ECAE0E2}.Release|Any CPU.Build.0 = Release|Any CPU
	EndGlobalSection
	GlobalSection(SolutionProperties) = preSolution
		HideSolutionNode = FALSE
	EndGlobalSection
	GlobalSection(ExtensibilityGlobals) = postSolution
		SolutionGuid = {B03EBD87-3B66-48DD-AB10-7076C2535D9B}
	EndGlobalSection
EndGlobal
